// !$*UTF8*$!
{
	archiveVersion = 1;
	classes = {
	};
	objectVersion = 46;
	objects = {
/* Begin PBXBuildFile section */
		00E356F31AD99517003FC87E /* fashionAppTests.m in Sources */ = {isa = PBXBuildFile; fileRef = 00E356F21AD99517003FC87E /* fashionAppTests.m */; };
		13B07FBC1A68108700A75B9A /* AppDelegate.m in Sources */ = {isa = PBXBuildFile; fileRef = 13B07FB01A68108700A75B9A /* AppDelegate.m */; };
		13B07FBD1A68108700A75B9A /* LaunchScreen.xib in Resources */ = {isa = PBXBuildFile; fileRef = 13B07FB11A68108700A75B9A /* LaunchScreen.xib */; };
		13B07FBF1A68108700A75B9A /* Images.xcassets in Resources */ = {isa = PBXBuildFile; fileRef = 13B07FB51A68108700A75B9A /* Images.xcassets */; };
		13B07FC11A68108700A75B9A /* main.m in Sources */ = {isa = PBXBuildFile; fileRef = 13B07FB71A68108700A75B9A /* main.m */; };
		2D02E4BC1E0B4A80006451C7 /* AppDelegate.m in Sources */ = {isa = PBXBuildFile; fileRef = 13B07FB01A68108700A75B9A /* AppDelegate.m */; };
		2D02E4BD1E0B4A84006451C7 /* Images.xcassets in Resources */ = {isa = PBXBuildFile; fileRef = 13B07FB51A68108700A75B9A /* Images.xcassets */; };
		2D02E4BF1E0B4AB3006451C7 /* main.m in Sources */ = {isa = PBXBuildFile; fileRef = 13B07FB71A68108700A75B9A /* main.m */; };
		2DCD954D1E0B4F2C00145EB5 /* fashionAppTests.m in Sources */ = {isa = PBXBuildFile; fileRef = 00E356F21AD99517003FC87E /* fashionAppTests.m */; };
		E898E2462D744BDAB8B43839 /* Roboto_medium.ttf in Resources */ = {isa = PBXBuildFile; fileRef = F75CC26A043A4008B4CC91DA /* Roboto_medium.ttf */; };
		9B13652DC96D44C999BE0CEA /* Roboto.ttf in Resources */ = {isa = PBXBuildFile; fileRef = D1D548761D724570B37A4113 /* Roboto.ttf */; };
		87FD433043CB44F1ACAE953D /* rubicon-icon-font.ttf in Resources */ = {isa = PBXBuildFile; fileRef = 2802714A37874B9D8FC4C3FE /* rubicon-icon-font.ttf */; };
		E094D4FCEA9C4299AEE574DF /* gibson-bold.ttf in Resources */ = {isa = PBXBuildFile; fileRef = FB36D78B68404C7BBD96DE31 /* gibson-bold.ttf */; };
		A2C4454D707E43EB93781D23 /* Gibson-BoldItalic.ttf in Resources */ = {isa = PBXBuildFile; fileRef = 677AA12693FE465DA668C971 /* Gibson-BoldItalic.ttf */; };
		A2E7D1C9E08B486D9EF76A07 /* Gibson-Regular.ttf in Resources */ = {isa = PBXBuildFile; fileRef = 7D3D2ECAFF3D4C5EBD1D9D2C /* Gibson-Regular.ttf */; };
		32605CBD58A54929ABD61D5B /* Gibson-RegularItalic.ttf in Resources */ = {isa = PBXBuildFile; fileRef = E3252D88EAD84237A09DEA77 /* Gibson-RegularItalic.ttf */; };
		98E63B56B33846EDBF812CAA /* NeusaNextStd-Bold.ttf in Resources */ = {isa = PBXBuildFile; fileRef = 5F63D89FDA2D463E858F93C8 /* NeusaNextStd-Bold.ttf */; };
		812078995CBF48A8A182791A /* NeusaNextStd-Light.ttf in Resources */ = {isa = PBXBuildFile; fileRef = A1D1454C61FD48289487A0C1 /* NeusaNextStd-Light.ttf */; };
		B3EC5DFDC0B047FCAEA19B95 /* NeusaNextStd-Medium.ttf in Resources */ = {isa = PBXBuildFile; fileRef = 8E55F3A8E4BF4C7A96F88017 /* NeusaNextStd-Medium.ttf */; };
		3FF78A9F2EB24846AA15D88E /* NeusaNextStd-Regular.ttf in Resources */ = {isa = PBXBuildFile; fileRef = 56C016A0D02C4C2D970B8D4A /* NeusaNextStd-Regular.ttf */; };
		0268B12C61EB4B0F978E8A53 /* AntDesign.ttf in Resources */ = {isa = PBXBuildFile; fileRef = B14CDF70D0394E48A1BF5D54 /* AntDesign.ttf */; };
		5FDB4D5329E14F438C0B0D45 /* Entypo.ttf in Resources */ = {isa = PBXBuildFile; fileRef = A305508579D54E3FB2F7B8C4 /* Entypo.ttf */; };
		0FEC8C290B354F5297CE4394 /* EvilIcons.ttf in Resources */ = {isa = PBXBuildFile; fileRef = 929AC328506C42E8826D43D6 /* EvilIcons.ttf */; };
		7EC7C36AD41D43C4942DA91A /* Feather.ttf in Resources */ = {isa = PBXBuildFile; fileRef = 0FF2753534CD440181D64728 /* Feather.ttf */; };
		8B6F34BA68B4482E9313DFE9 /* FontAwesome.ttf in Resources */ = {isa = PBXBuildFile; fileRef = EDF824397BB14AE48D2720D9 /* FontAwesome.ttf */; };
		9967E863ECE84BA89DAF22CB /* FontAwesome5_Brands.ttf in Resources */ = {isa = PBXBuildFile; fileRef = 37ACAE9BE46B4AA3B053DC42 /* FontAwesome5_Brands.ttf */; };
		CD1EAC759CCE403DBCE07D55 /* FontAwesome5_Regular.ttf in Resources */ = {isa = PBXBuildFile; fileRef = 825E76E4F8794CD1954C4158 /* FontAwesome5_Regular.ttf */; };
		82DFC0DA54094C009523204E /* FontAwesome5_Solid.ttf in Resources */ = {isa = PBXBuildFile; fileRef = B554ED8FF7C74BAB9B1FA725 /* FontAwesome5_Solid.ttf */; };
		FD74EF2E0ED64E859A5BF34C /* Fontisto.ttf in Resources */ = {isa = PBXBuildFile; fileRef = 76A15DC6EA094F82BEEB4239 /* Fontisto.ttf */; };
		182085998F504DB396B47946 /* Foundation.ttf in Resources */ = {isa = PBXBuildFile; fileRef = F24CC7A343F548FA963A2D99 /* Foundation.ttf */; };
		B347700D415E4C53826A29ED /* Ionicons.ttf in Resources */ = {isa = PBXBuildFile; fileRef = 6EBF0A34C3DA4B76BE2935F2 /* Ionicons.ttf */; };
		B9292DF96DEE42F0B1A44ABF /* MaterialCommunityIcons.ttf in Resources */ = {isa = PBXBuildFile; fileRef = 2782775CEE0A45EA8250289C /* MaterialCommunityIcons.ttf */; };
		B79A0E4B5C5341F5BDA5A211 /* MaterialIcons.ttf in Resources */ = {isa = PBXBuildFile; fileRef = FCCD56376B324A48A387FB94 /* MaterialIcons.ttf */; };
		0F7EDCD96C5446C28EFC5807 /* Octicons.ttf in Resources */ = {isa = PBXBuildFile; fileRef = BDF23B62B21248099E486125 /* Octicons.ttf */; };
		F692B19AE1A845E596A2FA22 /* SimpleLineIcons.ttf in Resources */ = {isa = PBXBuildFile; fileRef = 519F354F279C41998BAF20AF /* SimpleLineIcons.ttf */; };
		8900480BB2A94F338FA052CC /* Zocial.ttf in Resources */ = {isa = PBXBuildFile; fileRef = E7D1AE2A2B64438FBDAD3D67 /* Zocial.ttf */; };
		92006A00E2434B88A7BC4095 /* gibson-bold.ttf in Resources */ = {isa = PBXBuildFile; fileRef = 402D3D3B982F44BFB861386B /* gibson-bold.ttf */; };
		43B34E29CD184E8BBBC81836 /* Gibson-BoldItalic.ttf in Resources */ = {isa = PBXBuildFile; fileRef = CAEEFB68997E4630BBB2C345 /* Gibson-BoldItalic.ttf */; };
		7BF1F922775D4F2EADE97CAA /* Gibson-Regular.ttf in Resources */ = {isa = PBXBuildFile; fileRef = 70619D6644DD4255B897027F /* Gibson-Regular.ttf */; };
		7AF828C7CD004AD48CC3805A /* Gibson-RegularItalic.ttf in Resources */ = {isa = PBXBuildFile; fileRef = 86421B3AB47343559B8BD147 /* Gibson-RegularItalic.ttf */; };
		DCF21661FD494192B076EC90 /* NeusaNextStd-Bold.ttf in Resources */ = {isa = PBXBuildFile; fileRef = CC277B6996FD4D89A2F24CEF /* NeusaNextStd-Bold.ttf */; };
		D9EE952478624EB08DEB0109 /* NeusaNextStd-Light.ttf in Resources */ = {isa = PBXBuildFile; fileRef = EF57374D1B2F4D308A9B55A0 /* NeusaNextStd-Light.ttf */; };
		12DDA3BC8E3D49D3B82686AB /* NeusaNextStd-Medium.ttf in Resources */ = {isa = PBXBuildFile; fileRef = FDEEBD13BA8343769CD66FE9 /* NeusaNextStd-Medium.ttf */; };
		97CC0EA278404260868AA523 /* NeusaNextStd-Regular.ttf in Resources */ = {isa = PBXBuildFile; fileRef = 4ED1D6D0C3BF4BF2A8FF5421 /* NeusaNextStd-Regular.ttf */; };
/* End PBXBuildFile section */

/* Begin PBXContainerItemProxy section */
		00E356F41AD99517003FC87E /* PBXContainerItemProxy */ = {
			isa = PBXContainerItemProxy;
			containerPortal = 83CBB9F71A601CBA00E9B192 /* Project object */;
			proxyType = 1;
			remoteGlobalIDString = 13B07F861A680F5B00A75B9A;
			remoteInfo = fashionApp;
		};
		2D02E4911E0B4A5D006451C7 /* PBXContainerItemProxy */ = {
			isa = PBXContainerItemProxy;
			containerPortal = 83CBB9F71A601CBA00E9B192 /* Project object */;
			proxyType = 1;
			remoteGlobalIDString = 2D02E47A1E0B4A5D006451C7;
			remoteInfo = "fashionApp-tvOS";
		};
/* End PBXContainerItemProxy section */

/* Begin PBXFileReference section */
		008F07F21AC5B25A0029DE68 /* main.jsbundle */ = {isa = PBXFileReference; fileEncoding = 4; lastKnownFileType = text; path = main.jsbundle; sourceTree = "<group>"; };
		00E356EE1AD99517003FC87E /* fashionAppTests.xctest */ = {isa = PBXFileReference; explicitFileType = wrapper.cfbundle; includeInIndex = 0; path = fashionAppTests.xctest; sourceTree = BUILT_PRODUCTS_DIR; };
		00E356F11AD99517003FC87E /* Info.plist */ = {isa = PBXFileReference; lastKnownFileType = text.plist.xml; path = Info.plist; sourceTree = "<group>"; };
		00E356F21AD99517003FC87E /* fashionAppTests.m */ = {isa = PBXFileReference; lastKnownFileType = sourcecode.c.objc; path = fashionAppTests.m; sourceTree = "<group>"; };
		13B07F961A680F5B00A75B9A /* fashionApp.app */ = {isa = PBXFileReference; explicitFileType = wrapper.application; includeInIndex = 0; path = fashionApp.app; sourceTree = BUILT_PRODUCTS_DIR; };
		13B07FAF1A68108700A75B9A /* AppDelegate.h */ = {isa = PBXFileReference; fileEncoding = 4; lastKnownFileType = sourcecode.c.h; name = AppDelegate.h; path = fashionApp/AppDelegate.h; sourceTree = "<group>"; };
		13B07FB01A68108700A75B9A /* AppDelegate.m */ = {isa = PBXFileReference; fileEncoding = 4; lastKnownFileType = sourcecode.c.objc; name = AppDelegate.m; path = fashionApp/AppDelegate.m; sourceTree = "<group>"; };
		13B07FB21A68108700A75B9A /* Base */ = {isa = PBXFileReference; lastKnownFileType = file.xib; name = Base; path = Base.lproj/LaunchScreen.xib; sourceTree = "<group>"; };
		13B07FB51A68108700A75B9A /* Images.xcassets */ = {isa = PBXFileReference; lastKnownFileType = folder.assetcatalog; name = Images.xcassets; path = fashionApp/Images.xcassets; sourceTree = "<group>"; };
		13B07FB61A68108700A75B9A /* Info.plist */ = {isa = PBXFileReference; fileEncoding = 4; lastKnownFileType = text.plist.xml; name = Info.plist; path = fashionApp/Info.plist; sourceTree = "<group>"; };
		13B07FB71A68108700A75B9A /* main.m */ = {isa = PBXFileReference; fileEncoding = 4; lastKnownFileType = sourcecode.c.objc; name = main.m; path = fashionApp/main.m; sourceTree = "<group>"; };
		2D02E47B1E0B4A5D006451C7 /* fashionApp-tvOS.app */ = {isa = PBXFileReference; explicitFileType = wrapper.application; includeInIndex = 0; path = "fashionApp-tvOS.app"; sourceTree = BUILT_PRODUCTS_DIR; };
		2D02E4901E0B4A5D006451C7 /* fashionApp-tvOSTests.xctest */ = {isa = PBXFileReference; explicitFileType = wrapper.cfbundle; includeInIndex = 0; path = "fashionApp-tvOSTests.xctest"; sourceTree = BUILT_PRODUCTS_DIR; };
		ED297162215061F000B7C4FE /* JavaScriptCore.framework */ = {isa = PBXFileReference; lastKnownFileType = wrapper.framework; name = JavaScriptCore.framework; path = System/Library/Frameworks/JavaScriptCore.framework; sourceTree = SDKROOT; };
		ED2971642150620600B7C4FE /* JavaScriptCore.framework */ = {isa = PBXFileReference; lastKnownFileType = wrapper.framework; name = JavaScriptCore.framework; path = Platforms/AppleTVOS.platform/Developer/SDKs/AppleTVOS12.0.sdk/System/Library/Frameworks/JavaScriptCore.framework; sourceTree = DEVELOPER_DIR; };
		F75CC26A043A4008B4CC91DA /* Roboto_medium.ttf */ = {isa = PBXFileReference; name = "Roboto_medium.ttf"; path = "../node_modules/native-base/Fonts/Roboto_medium.ttf"; sourceTree = "<group>"; fileEncoding = undefined; lastKnownFileType = unknown; explicitFileType = undefined; includeInIndex = 0; };
		D1D548761D724570B37A4113 /* Roboto.ttf */ = {isa = PBXFileReference; name = "Roboto.ttf"; path = "../node_modules/native-base/Fonts/Roboto.ttf"; sourceTree = "<group>"; fileEncoding = undefined; lastKnownFileType = unknown; explicitFileType = undefined; includeInIndex = 0; };
		2802714A37874B9D8FC4C3FE /* rubicon-icon-font.ttf */ = {isa = PBXFileReference; name = "rubicon-icon-font.ttf"; path = "../node_modules/native-base/Fonts/rubicon-icon-font.ttf"; sourceTree = "<group>"; fileEncoding = undefined; lastKnownFileType = unknown; explicitFileType = undefined; includeInIndex = 0; };
		2E2FC763599E4C08AC5D625D /* AntDesign.ttf */ = {isa = PBXFileReference; name = "AntDesign.ttf"; path = "../node_modules/react-native-vector-icons/Fonts/AntDesign.ttf"; sourceTree = "<group>"; fileEncoding = undefined; lastKnownFileType = unknown; explicitFileType = undefined; includeInIndex = 0; };
		EECA7592B67F497E85C5FD1D /* Entypo.ttf */ = {isa = PBXFileReference; name = "Entypo.ttf"; path = "../node_modules/react-native-vector-icons/Fonts/Entypo.ttf"; sourceTree = "<group>"; fileEncoding = undefined; lastKnownFileType = unknown; explicitFileType = undefined; includeInIndex = 0; };
		A696F334698E476792E6EE14 /* EvilIcons.ttf */ = {isa = PBXFileReference; name = "EvilIcons.ttf"; path = "../node_modules/react-native-vector-icons/Fonts/EvilIcons.ttf"; sourceTree = "<group>"; fileEncoding = undefined; lastKnownFileType = unknown; explicitFileType = undefined; includeInIndex = 0; };
		FE083027C7914DE38FE349D2 /* Feather.ttf */ = {isa = PBXFileReference; name = "Feather.ttf"; path = "../node_modules/react-native-vector-icons/Fonts/Feather.ttf"; sourceTree = "<group>"; fileEncoding = undefined; lastKnownFileType = unknown; explicitFileType = undefined; includeInIndex = 0; };
		7DC01C8FCEDF439B83CC0A48 /* FontAwesome.ttf */ = {isa = PBXFileReference; name = "FontAwesome.ttf"; path = "../node_modules/react-native-vector-icons/Fonts/FontAwesome.ttf"; sourceTree = "<group>"; fileEncoding = undefined; lastKnownFileType = unknown; explicitFileType = undefined; includeInIndex = 0; };
		8877165290D2454D9A1F80FE /* FontAwesome5_Brands.ttf */ = {isa = PBXFileReference; name = "FontAwesome5_Brands.ttf"; path = "../node_modules/react-native-vector-icons/Fonts/FontAwesome5_Brands.ttf"; sourceTree = "<group>"; fileEncoding = undefined; lastKnownFileType = unknown; explicitFileType = undefined; includeInIndex = 0; };
		23DCD99862454668AC7CC2A9 /* FontAwesome5_Regular.ttf */ = {isa = PBXFileReference; name = "FontAwesome5_Regular.ttf"; path = "../node_modules/react-native-vector-icons/Fonts/FontAwesome5_Regular.ttf"; sourceTree = "<group>"; fileEncoding = undefined; lastKnownFileType = unknown; explicitFileType = undefined; includeInIndex = 0; };
		6D4840470D394FC18E83D535 /* FontAwesome5_Solid.ttf */ = {isa = PBXFileReference; name = "FontAwesome5_Solid.ttf"; path = "../node_modules/react-native-vector-icons/Fonts/FontAwesome5_Solid.ttf"; sourceTree = "<group>"; fileEncoding = undefined; lastKnownFileType = unknown; explicitFileType = undefined; includeInIndex = 0; };
		B2D0ADCCD2A44AD486ADA98E /* Fontisto.ttf */ = {isa = PBXFileReference; name = "Fontisto.ttf"; path = "../node_modules/react-native-vector-icons/Fonts/Fontisto.ttf"; sourceTree = "<group>"; fileEncoding = undefined; lastKnownFileType = unknown; explicitFileType = undefined; includeInIndex = 0; };
		E8A6CE84D414476B8E57F0A4 /* Foundation.ttf */ = {isa = PBXFileReference; name = "Foundation.ttf"; path = "../node_modules/react-native-vector-icons/Fonts/Foundation.ttf"; sourceTree = "<group>"; fileEncoding = undefined; lastKnownFileType = unknown; explicitFileType = undefined; includeInIndex = 0; };
		06C31064859F44018AA49098 /* Ionicons.ttf */ = {isa = PBXFileReference; name = "Ionicons.ttf"; path = "../node_modules/react-native-vector-icons/Fonts/Ionicons.ttf"; sourceTree = "<group>"; fileEncoding = undefined; lastKnownFileType = unknown; explicitFileType = undefined; includeInIndex = 0; };
		864D598DB8F04329AAA3D115 /* MaterialCommunityIcons.ttf */ = {isa = PBXFileReference; name = "MaterialCommunityIcons.ttf"; path = "../node_modules/react-native-vector-icons/Fonts/MaterialCommunityIcons.ttf"; sourceTree = "<group>"; fileEncoding = undefined; lastKnownFileType = unknown; explicitFileType = undefined; includeInIndex = 0; };
		6F9FDA440AE84FEB8DC33B68 /* MaterialIcons.ttf */ = {isa = PBXFileReference; name = "MaterialIcons.ttf"; path = "../node_modules/react-native-vector-icons/Fonts/MaterialIcons.ttf"; sourceTree = "<group>"; fileEncoding = undefined; lastKnownFileType = unknown; explicitFileType = undefined; includeInIndex = 0; };
		EB35E71055A4441587FE9588 /* Octicons.ttf */ = {isa = PBXFileReference; name = "Octicons.ttf"; path = "../node_modules/react-native-vector-icons/Fonts/Octicons.ttf"; sourceTree = "<group>"; fileEncoding = undefined; lastKnownFileType = unknown; explicitFileType = undefined; includeInIndex = 0; };
		FE41AE8D17AD43489ED27A17 /* SimpleLineIcons.ttf */ = {isa = PBXFileReference; name = "SimpleLineIcons.ttf"; path = "../node_modules/react-native-vector-icons/Fonts/SimpleLineIcons.ttf"; sourceTree = "<group>"; fileEncoding = undefined; lastKnownFileType = unknown; explicitFileType = undefined; includeInIndex = 0; };
		32B7B8907EBA4A6295B51DF2 /* Zocial.ttf */ = {isa = PBXFileReference; name = "Zocial.ttf"; path = "../node_modules/react-native-vector-icons/Fonts/Zocial.ttf"; sourceTree = "<group>"; fileEncoding = undefined; lastKnownFileType = unknown; explicitFileType = undefined; includeInIndex = 0; };
		FB36D78B68404C7BBD96DE31 /* gibson-bold.ttf */ = {isa = PBXFileReference; name = "gibson-bold.ttf"; path = "../asset/fonts/gibson-bold.ttf"; sourceTree = "<group>"; fileEncoding = undefined; lastKnownFileType = unknown; explicitFileType = undefined; includeInIndex = 0; };
		677AA12693FE465DA668C971 /* Gibson-BoldItalic.ttf */ = {isa = PBXFileReference; name = "Gibson-BoldItalic.ttf"; path = "../asset/fonts/Gibson-BoldItalic.ttf"; sourceTree = "<group>"; fileEncoding = undefined; lastKnownFileType = unknown; explicitFileType = undefined; includeInIndex = 0; };
		7D3D2ECAFF3D4C5EBD1D9D2C /* Gibson-Regular.ttf */ = {isa = PBXFileReference; name = "Gibson-Regular.ttf"; path = "../asset/fonts/Gibson-Regular.ttf"; sourceTree = "<group>"; fileEncoding = undefined; lastKnownFileType = unknown; explicitFileType = undefined; includeInIndex = 0; };
		E3252D88EAD84237A09DEA77 /* Gibson-RegularItalic.ttf */ = {isa = PBXFileReference; name = "Gibson-RegularItalic.ttf"; path = "../asset/fonts/Gibson-RegularItalic.ttf"; sourceTree = "<group>"; fileEncoding = undefined; lastKnownFileType = unknown; explicitFileType = undefined; includeInIndex = 0; };
		5F63D89FDA2D463E858F93C8 /* NeusaNextStd-Bold.ttf */ = {isa = PBXFileReference; name = "NeusaNextStd-Bold.ttf"; path = "../asset/fonts/NeusaNextStd-Bold.ttf"; sourceTree = "<group>"; fileEncoding = undefined; lastKnownFileType = unknown; explicitFileType = undefined; includeInIndex = 0; };
		A1D1454C61FD48289487A0C1 /* NeusaNextStd-Light.ttf */ = {isa = PBXFileReference; name = "NeusaNextStd-Light.ttf"; path = "../asset/fonts/NeusaNextStd-Light.ttf"; sourceTree = "<group>"; fileEncoding = undefined; lastKnownFileType = unknown; explicitFileType = undefined; includeInIndex = 0; };
		8E55F3A8E4BF4C7A96F88017 /* NeusaNextStd-Medium.ttf */ = {isa = PBXFileReference; name = "NeusaNextStd-Medium.ttf"; path = "../asset/fonts/NeusaNextStd-Medium.ttf"; sourceTree = "<group>"; fileEncoding = undefined; lastKnownFileType = unknown; explicitFileType = undefined; includeInIndex = 0; };
		56C016A0D02C4C2D970B8D4A /* NeusaNextStd-Regular.ttf */ = {isa = PBXFileReference; name = "NeusaNextStd-Regular.ttf"; path = "../asset/fonts/NeusaNextStd-Regular.ttf"; sourceTree = "<group>"; fileEncoding = undefined; lastKnownFileType = unknown; explicitFileType = undefined; includeInIndex = 0; };
		B14CDF70D0394E48A1BF5D54 /* AntDesign.ttf */ = {isa = PBXFileReference; name = "AntDesign.ttf"; path = "../node_modules/native-base/Fonts/AntDesign.ttf"; sourceTree = "<group>"; fileEncoding = undefined; lastKnownFileType = unknown; explicitFileType = undefined; includeInIndex = 0; };
		A305508579D54E3FB2F7B8C4 /* Entypo.ttf */ = {isa = PBXFileReference; name = "Entypo.ttf"; path = "../node_modules/native-base/Fonts/Entypo.ttf"; sourceTree = "<group>"; fileEncoding = undefined; lastKnownFileType = unknown; explicitFileType = undefined; includeInIndex = 0; };
		929AC328506C42E8826D43D6 /* EvilIcons.ttf */ = {isa = PBXFileReference; name = "EvilIcons.ttf"; path = "../node_modules/native-base/Fonts/EvilIcons.ttf"; sourceTree = "<group>"; fileEncoding = undefined; lastKnownFileType = unknown; explicitFileType = undefined; includeInIndex = 0; };
		0FF2753534CD440181D64728 /* Feather.ttf */ = {isa = PBXFileReference; name = "Feather.ttf"; path = "../node_modules/native-base/Fonts/Feather.ttf"; sourceTree = "<group>"; fileEncoding = undefined; lastKnownFileType = unknown; explicitFileType = undefined; includeInIndex = 0; };
		EDF824397BB14AE48D2720D9 /* FontAwesome.ttf */ = {isa = PBXFileReference; name = "FontAwesome.ttf"; path = "../node_modules/native-base/Fonts/FontAwesome.ttf"; sourceTree = "<group>"; fileEncoding = undefined; lastKnownFileType = unknown; explicitFileType = undefined; includeInIndex = 0; };
		37ACAE9BE46B4AA3B053DC42 /* FontAwesome5_Brands.ttf */ = {isa = PBXFileReference; name = "FontAwesome5_Brands.ttf"; path = "../node_modules/native-base/Fonts/FontAwesome5_Brands.ttf"; sourceTree = "<group>"; fileEncoding = undefined; lastKnownFileType = unknown; explicitFileType = undefined; includeInIndex = 0; };
		825E76E4F8794CD1954C4158 /* FontAwesome5_Regular.ttf */ = {isa = PBXFileReference; name = "FontAwesome5_Regular.ttf"; path = "../node_modules/native-base/Fonts/FontAwesome5_Regular.ttf"; sourceTree = "<group>"; fileEncoding = undefined; lastKnownFileType = unknown; explicitFileType = undefined; includeInIndex = 0; };
		B554ED8FF7C74BAB9B1FA725 /* FontAwesome5_Solid.ttf */ = {isa = PBXFileReference; name = "FontAwesome5_Solid.ttf"; path = "../node_modules/native-base/Fonts/FontAwesome5_Solid.ttf"; sourceTree = "<group>"; fileEncoding = undefined; lastKnownFileType = unknown; explicitFileType = undefined; includeInIndex = 0; };
		76A15DC6EA094F82BEEB4239 /* Fontisto.ttf */ = {isa = PBXFileReference; name = "Fontisto.ttf"; path = "../node_modules/native-base/Fonts/Fontisto.ttf"; sourceTree = "<group>"; fileEncoding = undefined; lastKnownFileType = unknown; explicitFileType = undefined; includeInIndex = 0; };
		F24CC7A343F548FA963A2D99 /* Foundation.ttf */ = {isa = PBXFileReference; name = "Foundation.ttf"; path = "../node_modules/native-base/Fonts/Foundation.ttf"; sourceTree = "<group>"; fileEncoding = undefined; lastKnownFileType = unknown; explicitFileType = undefined; includeInIndex = 0; };
		6EBF0A34C3DA4B76BE2935F2 /* Ionicons.ttf */ = {isa = PBXFileReference; name = "Ionicons.ttf"; path = "../node_modules/native-base/Fonts/Ionicons.ttf"; sourceTree = "<group>"; fileEncoding = undefined; lastKnownFileType = unknown; explicitFileType = undefined; includeInIndex = 0; };
		2782775CEE0A45EA8250289C /* MaterialCommunityIcons.ttf */ = {isa = PBXFileReference; name = "MaterialCommunityIcons.ttf"; path = "../node_modules/native-base/Fonts/MaterialCommunityIcons.ttf"; sourceTree = "<group>"; fileEncoding = undefined; lastKnownFileType = unknown; explicitFileType = undefined; includeInIndex = 0; };
		FCCD56376B324A48A387FB94 /* MaterialIcons.ttf */ = {isa = PBXFileReference; name = "MaterialIcons.ttf"; path = "../node_modules/native-base/Fonts/MaterialIcons.ttf"; sourceTree = "<group>"; fileEncoding = undefined; lastKnownFileType = unknown; explicitFileType = undefined; includeInIndex = 0; };
		BDF23B62B21248099E486125 /* Octicons.ttf */ = {isa = PBXFileReference; name = "Octicons.ttf"; path = "../node_modules/native-base/Fonts/Octicons.ttf"; sourceTree = "<group>"; fileEncoding = undefined; lastKnownFileType = unknown; explicitFileType = undefined; includeInIndex = 0; };
		519F354F279C41998BAF20AF /* SimpleLineIcons.ttf */ = {isa = PBXFileReference; name = "SimpleLineIcons.ttf"; path = "../node_modules/native-base/Fonts/SimpleLineIcons.ttf"; sourceTree = "<group>"; fileEncoding = undefined; lastKnownFileType = unknown; explicitFileType = undefined; includeInIndex = 0; };
		E7D1AE2A2B64438FBDAD3D67 /* Zocial.ttf */ = {isa = PBXFileReference; name = "Zocial.ttf"; path = "../node_modules/native-base/Fonts/Zocial.ttf"; sourceTree = "<group>"; fileEncoding = undefined; lastKnownFileType = unknown; explicitFileType = undefined; includeInIndex = 0; };
		402D3D3B982F44BFB861386B /* gibson-bold.ttf */ = {isa = PBXFileReference; name = "gibson-bold.ttf"; path = "../node_modules/native-base/Fonts/gibson-bold.ttf"; sourceTree = "<group>"; fileEncoding = undefined; lastKnownFileType = unknown; explicitFileType = undefined; includeInIndex = 0; };
		CAEEFB68997E4630BBB2C345 /* Gibson-BoldItalic.ttf */ = {isa = PBXFileReference; name = "Gibson-BoldItalic.ttf"; path = "../node_modules/native-base/Fonts/Gibson-BoldItalic.ttf"; sourceTree = "<group>"; fileEncoding = undefined; lastKnownFileType = unknown; explicitFileType = undefined; includeInIndex = 0; };
		70619D6644DD4255B897027F /* Gibson-Regular.ttf */ = {isa = PBXFileReference; name = "Gibson-Regular.ttf"; path = "../node_modules/native-base/Fonts/Gibson-Regular.ttf"; sourceTree = "<group>"; fileEncoding = undefined; lastKnownFileType = unknown; explicitFileType = undefined; includeInIndex = 0; };
		86421B3AB47343559B8BD147 /* Gibson-RegularItalic.ttf */ = {isa = PBXFileReference; name = "Gibson-RegularItalic.ttf"; path = "../node_modules/native-base/Fonts/Gibson-RegularItalic.ttf"; sourceTree = "<group>"; fileEncoding = undefined; lastKnownFileType = unknown; explicitFileType = undefined; includeInIndex = 0; };
		CC277B6996FD4D89A2F24CEF /* NeusaNextStd-Bold.ttf */ = {isa = PBXFileReference; name = "NeusaNextStd-Bold.ttf"; path = "../node_modules/native-base/Fonts/NeusaNextStd-Bold.ttf"; sourceTree = "<group>"; fileEncoding = undefined; lastKnownFileType = unknown; explicitFileType = undefined; includeInIndex = 0; };
		EF57374D1B2F4D308A9B55A0 /* NeusaNextStd-Light.ttf */ = {isa = PBXFileReference; name = "NeusaNextStd-Light.ttf"; path = "../node_modules/native-base/Fonts/NeusaNextStd-Light.ttf"; sourceTree = "<group>"; fileEncoding = undefined; lastKnownFileType = unknown; explicitFileType = undefined; includeInIndex = 0; };
		FDEEBD13BA8343769CD66FE9 /* NeusaNextStd-Medium.ttf */ = {isa = PBXFileReference; name = "NeusaNextStd-Medium.ttf"; path = "../node_modules/native-base/Fonts/NeusaNextStd-Medium.ttf"; sourceTree = "<group>"; fileEncoding = undefined; lastKnownFileType = unknown; explicitFileType = undefined; includeInIndex = 0; };
		4ED1D6D0C3BF4BF2A8FF5421 /* NeusaNextStd-Regular.ttf */ = {isa = PBXFileReference; name = "NeusaNextStd-Regular.ttf"; path = "../node_modules/native-base/Fonts/NeusaNextStd-Regular.ttf"; sourceTree = "<group>"; fileEncoding = undefined; lastKnownFileType = unknown; explicitFileType = undefined; includeInIndex = 0; };
/* End PBXFileReference section */

/* Begin PBXFrameworksBuildPhase section */
		00E356EB1AD99517003FC87E /* Frameworks */ = {
			isa = PBXFrameworksBuildPhase;
			buildActionMask = 2147483647;
			files = (
			);
			runOnlyForDeploymentPostprocessing = 0;
		};
		13B07F8C1A680F5B00A75B9A /* Frameworks */ = {
			isa = PBXFrameworksBuildPhase;
			buildActionMask = 2147483647;
			files = (
			);
			runOnlyForDeploymentPostprocessing = 0;
		};
		2D02E4781E0B4A5D006451C7 /* Frameworks */ = {
			isa = PBXFrameworksBuildPhase;
			buildActionMask = 2147483647;
			files = (
			);
			runOnlyForDeploymentPostprocessing = 0;
		};
		2D02E48D1E0B4A5D006451C7 /* Frameworks */ = {
			isa = PBXFrameworksBuildPhase;
			buildActionMask = 2147483647;
			files = (
			);
			runOnlyForDeploymentPostprocessing = 0;
		};
/* End PBXFrameworksBuildPhase section */

/* Begin PBXGroup section */
		00E356EF1AD99517003FC87E /* fashionAppTests */ = {
			isa = PBXGroup;
			children = (
				00E356F21AD99517003FC87E /* fashionAppTests.m */,
				00E356F01AD99517003FC87E /* Supporting Files */,
			);
			path = fashionAppTests;
			sourceTree = "<group>";
		};
		00E356F01AD99517003FC87E /* Supporting Files */ = {
			isa = PBXGroup;
			children = (
				00E356F11AD99517003FC87E /* Info.plist */,
			);
			name = "Supporting Files";
			sourceTree = "<group>";
		};
		13B07FAE1A68108700A75B9A /* fashionApp */ = {
			isa = PBXGroup;
			children = (
				008F07F21AC5B25A0029DE68 /* main.jsbundle */,
				13B07FAF1A68108700A75B9A /* AppDelegate.h */,
				13B07FB01A68108700A75B9A /* AppDelegate.m */,
				13B07FB51A68108700A75B9A /* Images.xcassets */,
				13B07FB61A68108700A75B9A /* Info.plist */,
				13B07FB11A68108700A75B9A /* LaunchScreen.xib */,
				13B07FB71A68108700A75B9A /* main.m */,
			);
			name = fashionApp;
			sourceTree = "<group>";
		};
		2D16E6871FA4F8E400B85C8A /* Frameworks */ = {
			isa = PBXGroup;
			children = (
				ED297162215061F000B7C4FE /* JavaScriptCore.framework */,
				ED2971642150620600B7C4FE /* JavaScriptCore.framework */,
			);
			name = Frameworks;
			sourceTree = "<group>";
		};
		832341AE1AAA6A7D00B99B32 /* Libraries */ = {
			isa = PBXGroup;
			children = (
			);
			name = Libraries;
			sourceTree = "<group>";
		};
		83CBB9F61A601CBA00E9B192 = {
			isa = PBXGroup;
			children = (
				13B07FAE1A68108700A75B9A /* fashionApp */,
				832341AE1AAA6A7D00B99B32 /* Libraries */,
				00E356EF1AD99517003FC87E /* fashionAppTests */,
				83CBBA001A601CBA00E9B192 /* Products */,
				2D16E6871FA4F8E400B85C8A /* Frameworks */,
				4474EAAF9EBE4DE98CFA16C6 /* Resources */,
			);
			indentWidth = 2;
			sourceTree = "<group>";
			tabWidth = 2;
			usesTabs = 0;
		};
		83CBBA001A601CBA00E9B192 /* Products */ = {
			isa = PBXGroup;
			children = (
				13B07F961A680F5B00A75B9A /* fashionApp.app */,
				00E356EE1AD99517003FC87E /* fashionAppTests.xctest */,
				2D02E47B1E0B4A5D006451C7 /* fashionApp-tvOS.app */,
				2D02E4901E0B4A5D006451C7 /* fashionApp-tvOSTests.xctest */,
			);
			name = Products;
			sourceTree = "<group>";
		};
		4474EAAF9EBE4DE98CFA16C6 /* Resources */ = {
			isa = "PBXGroup";
			children = (
				F75CC26A043A4008B4CC91DA /* Roboto_medium.ttf */,
				D1D548761D724570B37A4113 /* Roboto.ttf */,
				2802714A37874B9D8FC4C3FE /* rubicon-icon-font.ttf */,
				2E2FC763599E4C08AC5D625D /* AntDesign.ttf */,
				EECA7592B67F497E85C5FD1D /* Entypo.ttf */,
				A696F334698E476792E6EE14 /* EvilIcons.ttf */,
				FE083027C7914DE38FE349D2 /* Feather.ttf */,
				7DC01C8FCEDF439B83CC0A48 /* FontAwesome.ttf */,
				8877165290D2454D9A1F80FE /* FontAwesome5_Brands.ttf */,
				23DCD99862454668AC7CC2A9 /* FontAwesome5_Regular.ttf */,
				6D4840470D394FC18E83D535 /* FontAwesome5_Solid.ttf */,
				B2D0ADCCD2A44AD486ADA98E /* Fontisto.ttf */,
				E8A6CE84D414476B8E57F0A4 /* Foundation.ttf */,
				06C31064859F44018AA49098 /* Ionicons.ttf */,
				864D598DB8F04329AAA3D115 /* MaterialCommunityIcons.ttf */,
				6F9FDA440AE84FEB8DC33B68 /* MaterialIcons.ttf */,
				EB35E71055A4441587FE9588 /* Octicons.ttf */,
				FE41AE8D17AD43489ED27A17 /* SimpleLineIcons.ttf */,
				32B7B8907EBA4A6295B51DF2 /* Zocial.ttf */,
				FB36D78B68404C7BBD96DE31 /* gibson-bold.ttf */,
				677AA12693FE465DA668C971 /* Gibson-BoldItalic.ttf */,
				7D3D2ECAFF3D4C5EBD1D9D2C /* Gibson-Regular.ttf */,
				E3252D88EAD84237A09DEA77 /* Gibson-RegularItalic.ttf */,
				5F63D89FDA2D463E858F93C8 /* NeusaNextStd-Bold.ttf */,
				A1D1454C61FD48289487A0C1 /* NeusaNextStd-Light.ttf */,
				8E55F3A8E4BF4C7A96F88017 /* NeusaNextStd-Medium.ttf */,
				56C016A0D02C4C2D970B8D4A /* NeusaNextStd-Regular.ttf */,
				B14CDF70D0394E48A1BF5D54 /* AntDesign.ttf */,
				A305508579D54E3FB2F7B8C4 /* Entypo.ttf */,
				929AC328506C42E8826D43D6 /* EvilIcons.ttf */,
				0FF2753534CD440181D64728 /* Feather.ttf */,
				EDF824397BB14AE48D2720D9 /* FontAwesome.ttf */,
				37ACAE9BE46B4AA3B053DC42 /* FontAwesome5_Brands.ttf */,
				825E76E4F8794CD1954C4158 /* FontAwesome5_Regular.ttf */,
				B554ED8FF7C74BAB9B1FA725 /* FontAwesome5_Solid.ttf */,
				76A15DC6EA094F82BEEB4239 /* Fontisto.ttf */,
				F24CC7A343F548FA963A2D99 /* Foundation.ttf */,
				6EBF0A34C3DA4B76BE2935F2 /* Ionicons.ttf */,
				2782775CEE0A45EA8250289C /* MaterialCommunityIcons.ttf */,
				FCCD56376B324A48A387FB94 /* MaterialIcons.ttf */,
				BDF23B62B21248099E486125 /* Octicons.ttf */,
				519F354F279C41998BAF20AF /* SimpleLineIcons.ttf */,
				E7D1AE2A2B64438FBDAD3D67 /* Zocial.ttf */,
				402D3D3B982F44BFB861386B /* gibson-bold.ttf */,
				CAEEFB68997E4630BBB2C345 /* Gibson-BoldItalic.ttf */,
				70619D6644DD4255B897027F /* Gibson-Regular.ttf */,
				86421B3AB47343559B8BD147 /* Gibson-RegularItalic.ttf */,
				CC277B6996FD4D89A2F24CEF /* NeusaNextStd-Bold.ttf */,
				EF57374D1B2F4D308A9B55A0 /* NeusaNextStd-Light.ttf */,
				FDEEBD13BA8343769CD66FE9 /* NeusaNextStd-Medium.ttf */,
				4ED1D6D0C3BF4BF2A8FF5421 /* NeusaNextStd-Regular.ttf */,
			);
			name = Resources;
			sourceTree = "<group>";
			path = "";
		};
/* End PBXGroup section */

/* Begin PBXNativeTarget section */
		00E356ED1AD99517003FC87E /* fashionAppTests */ = {
			isa = PBXNativeTarget;
			buildConfigurationList = 00E357021AD99517003FC87E /* Build configuration list for PBXNativeTarget "fashionAppTests" */;
			buildPhases = (
				00E356EA1AD99517003FC87E /* Sources */,
				00E356EB1AD99517003FC87E /* Frameworks */,
				00E356EC1AD99517003FC87E /* Resources */,
			);
			buildRules = (
			);
			dependencies = (
				00E356F51AD99517003FC87E /* PBXTargetDependency */,
			);
			name = fashionAppTests;
			productName = fashionAppTests;
			productReference = 00E356EE1AD99517003FC87E /* fashionAppTests.xctest */;
			productType = "com.apple.product-type.bundle.unit-test";
		};
		13B07F861A680F5B00A75B9A /* fashionApp */ = {
			isa = PBXNativeTarget;
			buildConfigurationList = 13B07F931A680F5B00A75B9A /* Build configuration list for PBXNativeTarget "fashionApp" */;
			buildPhases = (
				FD10A7F022414F080027D42C /* Start Packager */,
				13B07F871A680F5B00A75B9A /* Sources */,
				13B07F8C1A680F5B00A75B9A /* Frameworks */,
				13B07F8E1A680F5B00A75B9A /* Resources */,
				00DD1BFF1BD5951E006B06BC /* Bundle React Native code and images */,
			);
			buildRules = (
			);
			dependencies = (
			);
			name = fashionApp;
			productName = "fashionApp";
			productReference = 13B07F961A680F5B00A75B9A /* fashionApp.app */;
			productType = "com.apple.product-type.application";
		};
		2D02E47A1E0B4A5D006451C7 /* fashionApp-tvOS */ = {
			isa = PBXNativeTarget;
			buildConfigurationList = 2D02E4BA1E0B4A5E006451C7 /* Build configuration list for PBXNativeTarget "fashionApp-tvOS" */;
			buildPhases = (
				FD10A7F122414F3F0027D42C /* Start Packager */,
				2D02E4771E0B4A5D006451C7 /* Sources */,
				2D02E4781E0B4A5D006451C7 /* Frameworks */,
				2D02E4791E0B4A5D006451C7 /* Resources */,
				2D02E4CB1E0B4B27006451C7 /* Bundle React Native Code And Images */,
			);
			buildRules = (
			);
			dependencies = (
			);
			name = "fashionApp-tvOS";
			productName = "fashionApp-tvOS";
			productReference = 2D02E47B1E0B4A5D006451C7 /* fashionApp-tvOS.app */;
			productType = "com.apple.product-type.application";
		};
		2D02E48F1E0B4A5D006451C7 /* fashionApp-tvOSTests */ = {
			isa = PBXNativeTarget;
			buildConfigurationList = 2D02E4BB1E0B4A5E006451C7 /* Build configuration list for PBXNativeTarget "fashionApp-tvOSTests" */;
			buildPhases = (
				2D02E48C1E0B4A5D006451C7 /* Sources */,
				2D02E48D1E0B4A5D006451C7 /* Frameworks */,
				2D02E48E1E0B4A5D006451C7 /* Resources */,
			);
			buildRules = (
			);
			dependencies = (
				2D02E4921E0B4A5D006451C7 /* PBXTargetDependency */,
			);
			name = "fashionApp-tvOSTests";
			productName = "fashionApp-tvOSTests";
			productReference = 2D02E4901E0B4A5D006451C7 /* fashionApp-tvOSTests.xctest */;
			productType = "com.apple.product-type.bundle.unit-test";
		};
/* End PBXNativeTarget section */

/* Begin PBXProject section */
		83CBB9F71A601CBA00E9B192 /* Project object */ = {
			isa = PBXProject;
			attributes = {
				LastUpgradeCheck = 940;
				ORGANIZATIONNAME = Facebook;
				TargetAttributes = {
					00E356ED1AD99517003FC87E = {
						CreatedOnToolsVersion = 6.2;
						TestTargetID = 13B07F861A680F5B00A75B9A;
					};
					2D02E47A1E0B4A5D006451C7 = {
						CreatedOnToolsVersion = 8.2.1;
						ProvisioningStyle = Automatic;
					};
					2D02E48F1E0B4A5D006451C7 = {
						CreatedOnToolsVersion = 8.2.1;
						ProvisioningStyle = Automatic;
						TestTargetID = 2D02E47A1E0B4A5D006451C7;
					};
				};
			};
			buildConfigurationList = 83CBB9FA1A601CBA00E9B192 /* Build configuration list for PBXProject "fashionApp" */;
			compatibilityVersion = "Xcode 3.2";
			developmentRegion = English;
			hasScannedForEncodings = 0;
			knownRegions = (
				en,
				Base,
			);
			mainGroup = 83CBB9F61A601CBA00E9B192;
			productRefGroup = 83CBBA001A601CBA00E9B192 /* Products */;
			projectDirPath = "";
			projectRoot = "";
			targets = (
				13B07F861A680F5B00A75B9A /* fashionApp */,
				00E356ED1AD99517003FC87E /* fashionAppTests */,
				2D02E47A1E0B4A5D006451C7 /* fashionApp-tvOS */,
				2D02E48F1E0B4A5D006451C7 /* fashionApp-tvOSTests */,
			);
		};
/* End PBXProject section */

/* Begin PBXResourcesBuildPhase section */
		00E356EC1AD99517003FC87E /* Resources */ = {
			isa = PBXResourcesBuildPhase;
			buildActionMask = 2147483647;
			files = (
			);
			runOnlyForDeploymentPostprocessing = 0;
		};
		13B07F8E1A680F5B00A75B9A /* Resources */ = {
			isa = PBXResourcesBuildPhase;
			buildActionMask = 2147483647;
			files = (
				13B07FBF1A68108700A75B9A /* Images.xcassets in Resources */,
				13B07FBD1A68108700A75B9A /* LaunchScreen.xib in Resources */,
				E898E2462D744BDAB8B43839 /* Roboto_medium.ttf in Resources */,
				9B13652DC96D44C999BE0CEA /* Roboto.ttf in Resources */,
				87FD433043CB44F1ACAE953D /* rubicon-icon-font.ttf in Resources */,
				8D76F47BCF4E4D4A85D8D4FF /* AntDesign.ttf in Resources */,
				4AA17A78CE4C4B0DA7DC94BE /* Entypo.ttf in Resources */,
				52F4B8B3F1DE4425BE5D7EA2 /* EvilIcons.ttf in Resources */,
				1B82DECAA16B441FB36C960D /* Feather.ttf in Resources */,
				507ACCFFD06F4823947ABE81 /* FontAwesome.ttf in Resources */,
				B915B8EB81B94BF7A4430EE8 /* FontAwesome5_Brands.ttf in Resources */,
				B18F43BAF5FB488FBCB5B8F1 /* FontAwesome5_Regular.ttf in Resources */,
				A0DB9E399EBF419EADB78031 /* FontAwesome5_Solid.ttf in Resources */,
				70FB26A541614F0DAF9CEB49 /* Fontisto.ttf in Resources */,
				E59F6239F0644186AACCF336 /* Foundation.ttf in Resources */,
				8CF267AFECB448FF9081F1DF /* Ionicons.ttf in Resources */,
				E71173664C3A4AB7B768BBB8 /* MaterialCommunityIcons.ttf in Resources */,
				331D01E23FB948F9B193A400 /* MaterialIcons.ttf in Resources */,
				BF67759BCBD74DB3AF85DD7A /* Octicons.ttf in Resources */,
				1796F7F9FB1449059D9CCE61 /* SimpleLineIcons.ttf in Resources */,
				98C23A7FAC8B4F3A88C70B23 /* Zocial.ttf in Resources */,
				E094D4FCEA9C4299AEE574DF /* gibson-bold.ttf in Resources */,
				A2C4454D707E43EB93781D23 /* Gibson-BoldItalic.ttf in Resources */,
				A2E7D1C9E08B486D9EF76A07 /* Gibson-Regular.ttf in Resources */,
				32605CBD58A54929ABD61D5B /* Gibson-RegularItalic.ttf in Resources */,
				98E63B56B33846EDBF812CAA /* NeusaNextStd-Bold.ttf in Resources */,
				812078995CBF48A8A182791A /* NeusaNextStd-Light.ttf in Resources */,
				B3EC5DFDC0B047FCAEA19B95 /* NeusaNextStd-Medium.ttf in Resources */,
				3FF78A9F2EB24846AA15D88E /* NeusaNextStd-Regular.ttf in Resources */,
				0268B12C61EB4B0F978E8A53 /* AntDesign.ttf in Resources */,
				5FDB4D5329E14F438C0B0D45 /* Entypo.ttf in Resources */,
				0FEC8C290B354F5297CE4394 /* EvilIcons.ttf in Resources */,
				7EC7C36AD41D43C4942DA91A /* Feather.ttf in Resources */,
				8B6F34BA68B4482E9313DFE9 /* FontAwesome.ttf in Resources */,
				9967E863ECE84BA89DAF22CB /* FontAwesome5_Brands.ttf in Resources */,
				CD1EAC759CCE403DBCE07D55 /* FontAwesome5_Regular.ttf in Resources */,
				82DFC0DA54094C009523204E /* FontAwesome5_Solid.ttf in Resources */,
				FD74EF2E0ED64E859A5BF34C /* Fontisto.ttf in Resources */,
				182085998F504DB396B47946 /* Foundation.ttf in Resources */,
				B347700D415E4C53826A29ED /* Ionicons.ttf in Resources */,
				B9292DF96DEE42F0B1A44ABF /* MaterialCommunityIcons.ttf in Resources */,
				B79A0E4B5C5341F5BDA5A211 /* MaterialIcons.ttf in Resources */,
				0F7EDCD96C5446C28EFC5807 /* Octicons.ttf in Resources */,
				F692B19AE1A845E596A2FA22 /* SimpleLineIcons.ttf in Resources */,
				8900480BB2A94F338FA052CC /* Zocial.ttf in Resources */,
				92006A00E2434B88A7BC4095 /* gibson-bold.ttf in Resources */,
				43B34E29CD184E8BBBC81836 /* Gibson-BoldItalic.ttf in Resources */,
				7BF1F922775D4F2EADE97CAA /* Gibson-Regular.ttf in Resources */,
				7AF828C7CD004AD48CC3805A /* Gibson-RegularItalic.ttf in Resources */,
				DCF21661FD494192B076EC90 /* NeusaNextStd-Bold.ttf in Resources */,
				D9EE952478624EB08DEB0109 /* NeusaNextStd-Light.ttf in Resources */,
				12DDA3BC8E3D49D3B82686AB /* NeusaNextStd-Medium.ttf in Resources */,
				97CC0EA278404260868AA523 /* NeusaNextStd-Regular.ttf in Resources */,
			);
			runOnlyForDeploymentPostprocessing = 0;
		};
		2D02E4791E0B4A5D006451C7 /* Resources */ = {
			isa = PBXResourcesBuildPhase;
			buildActionMask = 2147483647;
			files = (
				2D02E4BD1E0B4A84006451C7 /* Images.xcassets in Resources */,
			);
			runOnlyForDeploymentPostprocessing = 0;
		};
		2D02E48E1E0B4A5D006451C7 /* Resources */ = {
			isa = PBXResourcesBuildPhase;
			buildActionMask = 2147483647;
			files = (
			);
			runOnlyForDeploymentPostprocessing = 0;
		};
/* End PBXResourcesBuildPhase section */

/* Begin PBXShellScriptBuildPhase section */
		00DD1BFF1BD5951E006B06BC /* Bundle React Native code and images */ = {
			isa = PBXShellScriptBuildPhase;
			buildActionMask = 2147483647;
			files = (
			);
			inputPaths = (
			);
			name = "Bundle React Native code and images";
			outputPaths = (
			);
			runOnlyForDeploymentPostprocessing = 0;
			shellPath = /bin/sh;
			shellScript = "export NODE_BINARY=node\n../node_modules/react-native/scripts/react-native-xcode.sh";
		};
		2D02E4CB1E0B4B27006451C7 /* Bundle React Native Code And Images */ = {
			isa = PBXShellScriptBuildPhase;
			buildActionMask = 2147483647;
			files = (
			);
			inputPaths = (
			);
			name = "Bundle React Native Code And Images";
			outputPaths = (
			);
			runOnlyForDeploymentPostprocessing = 0;
			shellPath = /bin/sh;
			shellScript = "export NODE_BINARY=node\n../node_modules/react-native/scripts/react-native-xcode.sh";
		};
		FD10A7F022414F080027D42C /* Start Packager */ = {
			isa = PBXShellScriptBuildPhase;
			buildActionMask = 2147483647;
			files = (
			);
			inputFileListPaths = (
			);
			inputPaths = (
			);
			name = "Start Packager";
			outputFileListPaths = (
			);
			outputPaths = (
			);
			runOnlyForDeploymentPostprocessing = 0;
			shellPath = /bin/sh;
			shellScript = "export RCT_METRO_PORT=\"${RCT_METRO_PORT:=8081}\"\necho \"export RCT_METRO_PORT=${RCT_METRO_PORT}\" > \"${SRCROOT}/../node_modules/react-native/scripts/.packager.env\"\nif [ -z \"${RCT_NO_LAUNCH_PACKAGER+xxx}\" ] ; then\n  if nc -w 5 -z localhost ${RCT_METRO_PORT} ; then\n    if ! curl -s \"http://localhost:${RCT_METRO_PORT}/status\" | grep -q \"packager-status:running\" ; then\n      echo \"Port ${RCT_METRO_PORT} already in use, packager is either not running or not running correctly\"\n      exit 2\n    fi\n  else\n    open \"$SRCROOT/../node_modules/react-native/scripts/launchPackager.command\" || echo \"Can't start packager automatically\"\n  fi\nfi\n";
			showEnvVarsInLog = 0;
		};
		FD10A7F122414F3F0027D42C /* Start Packager */ = {
			isa = PBXShellScriptBuildPhase;
			buildActionMask = 2147483647;
			files = (
			);
			inputFileListPaths = (
			);
			inputPaths = (
			);
			name = "Start Packager";
			outputFileListPaths = (
			);
			outputPaths = (
			);
			runOnlyForDeploymentPostprocessing = 0;
			shellPath = /bin/sh;
			shellScript = "export RCT_METRO_PORT=\"${RCT_METRO_PORT:=8081}\"\necho \"export RCT_METRO_PORT=${RCT_METRO_PORT}\" > \"${SRCROOT}/../node_modules/react-native/scripts/.packager.env\"\nif [ -z \"${RCT_NO_LAUNCH_PACKAGER+xxx}\" ] ; then\n  if nc -w 5 -z localhost ${RCT_METRO_PORT} ; then\n    if ! curl -s \"http://localhost:${RCT_METRO_PORT}/status\" | grep -q \"packager-status:running\" ; then\n      echo \"Port ${RCT_METRO_PORT} already in use, packager is either not running or not running correctly\"\n      exit 2\n    fi\n  else\n    open \"$SRCROOT/../node_modules/react-native/scripts/launchPackager.command\" || echo \"Can't start packager automatically\"\n  fi\nfi\n";
			showEnvVarsInLog = 0;
		};
/* End PBXShellScriptBuildPhase section */

/* Begin PBXSourcesBuildPhase section */
		00E356EA1AD99517003FC87E /* Sources */ = {
			isa = PBXSourcesBuildPhase;
			buildActionMask = 2147483647;
			files = (
				00E356F31AD99517003FC87E /* fashionAppTests.m in Sources */,
			);
			runOnlyForDeploymentPostprocessing = 0;
		};
		13B07F871A680F5B00A75B9A /* Sources */ = {
			isa = PBXSourcesBuildPhase;
			buildActionMask = 2147483647;
			files = (
				13B07FBC1A68108700A75B9A /* AppDelegate.m in Sources */,
				13B07FC11A68108700A75B9A /* main.m in Sources */,
			);
			runOnlyForDeploymentPostprocessing = 0;
		};
		2D02E4771E0B4A5D006451C7 /* Sources */ = {
			isa = PBXSourcesBuildPhase;
			buildActionMask = 2147483647;
			files = (
				2D02E4BF1E0B4AB3006451C7 /* main.m in Sources */,
				2D02E4BC1E0B4A80006451C7 /* AppDelegate.m in Sources */,
			);
			runOnlyForDeploymentPostprocessing = 0;
		};
		2D02E48C1E0B4A5D006451C7 /* Sources */ = {
			isa = PBXSourcesBuildPhase;
			buildActionMask = 2147483647;
			files = (
				2DCD954D1E0B4F2C00145EB5 /* fashionAppTests.m in Sources */,
			);
			runOnlyForDeploymentPostprocessing = 0;
		};
/* End PBXSourcesBuildPhase section */

/* Begin PBXTargetDependency section */
		00E356F51AD99517003FC87E /* PBXTargetDependency */ = {
			isa = PBXTargetDependency;
			target = 13B07F861A680F5B00A75B9A /* fashionApp */;
			targetProxy = 00E356F41AD99517003FC87E /* PBXContainerItemProxy */;
		};
		2D02E4921E0B4A5D006451C7 /* PBXTargetDependency */ = {
			isa = PBXTargetDependency;
			target = 2D02E47A1E0B4A5D006451C7 /* fashionApp-tvOS */;
			targetProxy = 2D02E4911E0B4A5D006451C7 /* PBXContainerItemProxy */;
		};
/* End PBXTargetDependency section */

/* Begin PBXVariantGroup section */
		13B07FB11A68108700A75B9A /* LaunchScreen.xib */ = {
			isa = PBXVariantGroup;
			children = (
				13B07FB21A68108700A75B9A /* Base */,
			);
			name = LaunchScreen.xib;
			path = fashionApp;
			sourceTree = "<group>";
		};
/* End PBXVariantGroup section */

/* Begin XCBuildConfiguration section */
		00E356F61AD99517003FC87E /* Debug */ = {
			isa = XCBuildConfiguration;
			buildSettings = {
				BUNDLE_LOADER = "$(TEST_HOST)";
				GCC_PREPROCESSOR_DEFINITIONS = (
					"DEBUG=1",
					"$(inherited)",
				);
				INFOPLIST_FILE = fashionAppTests/Info.plist;
				IPHONEOS_DEPLOYMENT_TARGET = 9.0;
				LD_RUNPATH_SEARCH_PATHS = "$(inherited) @executable_path/Frameworks @loader_path/Frameworks";
				OTHER_LDFLAGS = (
					"-ObjC",
					"-lc++",
					"$(inherited)",
				);
				PRODUCT_BUNDLE_IDENTIFIER = "org.reactjs.native.example.$(PRODUCT_NAME:rfc1034identifier)";
				PRODUCT_NAME = "$(TARGET_NAME)";
				TEST_HOST = "$(BUILT_PRODUCTS_DIR)/fashionApp.app/fashionApp";
			};
			name = Debug;
		};
		00E356F71AD99517003FC87E /* Release */ = {
			isa = XCBuildConfiguration;
			buildSettings = {
				BUNDLE_LOADER = "$(TEST_HOST)";
				COPY_PHASE_STRIP = NO;
				INFOPLIST_FILE = fashionAppTests/Info.plist;
				IPHONEOS_DEPLOYMENT_TARGET = 9.0;
				LD_RUNPATH_SEARCH_PATHS = "$(inherited) @executable_path/Frameworks @loader_path/Frameworks";
				OTHER_LDFLAGS = (
					"-ObjC",
					"-lc++",
					"$(inherited)",
				);
				PRODUCT_BUNDLE_IDENTIFIER = "org.reactjs.native.example.$(PRODUCT_NAME:rfc1034identifier)";
				PRODUCT_NAME = "$(TARGET_NAME)";
				TEST_HOST = "$(BUILT_PRODUCTS_DIR)/fashionApp.app/fashionApp";
			};
			name = Release;
		};
		13B07F941A680F5B00A75B9A /* Debug */ = {
			isa = XCBuildConfiguration;
			buildSettings = {
				ASSETCATALOG_COMPILER_APPICON_NAME = AppIcon;
				CURRENT_PROJECT_VERSION = 1;
				DEAD_CODE_STRIPPING = NO;
				INFOPLIST_FILE = fashionApp/Info.plist;
				LD_RUNPATH_SEARCH_PATHS = "$(inherited) @executable_path/Frameworks";
				OTHER_LDFLAGS = (
					"$(inherited)",
					"-ObjC",
					"-lc++",
				);
				PRODUCT_BUNDLE_IDENTIFIER = "org.reactjs.native.example.$(PRODUCT_NAME:rfc1034identifier)";
				PRODUCT_NAME = fashionApp;
				VERSIONING_SYSTEM = "apple-generic";
			};
			name = Debug;
		};
		13B07F951A680F5B00A75B9A /* Release */ = {
			isa = XCBuildConfiguration;
			buildSettings = {
				ASSETCATALOG_COMPILER_APPICON_NAME = AppIcon;
				CURRENT_PROJECT_VERSION = 1;
				INFOPLIST_FILE = fashionApp/Info.plist;
				LD_RUNPATH_SEARCH_PATHS = "$(inherited) @executable_path/Frameworks";
				OTHER_LDFLAGS = (
					"$(inherited)",
					"-ObjC",
					"-lc++",
				);
				PRODUCT_BUNDLE_IDENTIFIER = "org.reactjs.native.example.$(PRODUCT_NAME:rfc1034identifier)";
				PRODUCT_NAME = fashionApp;
				VERSIONING_SYSTEM = "apple-generic";
			};
			name = Release;
		};
		2D02E4971E0B4A5E006451C7 /* Debug */ = {
			isa = XCBuildConfiguration;
			buildSettings = {
				ASSETCATALOG_COMPILER_APPICON_NAME = "App Icon & Top Shelf Image";
				ASSETCATALOG_COMPILER_LAUNCHIMAGE_NAME = LaunchImage;
				CLANG_ANALYZER_NONNULL = YES;
				CLANG_WARN_DOCUMENTATION_COMMENTS = YES;
				CLANG_WARN_INFINITE_RECURSION = YES;
				CLANG_WARN_SUSPICIOUS_MOVE = YES;
				DEBUG_INFORMATION_FORMAT = dwarf;
				ENABLE_TESTABILITY = YES;
				GCC_NO_COMMON_BLOCKS = YES;
				INFOPLIST_FILE = "fashionApp-tvOS/Info.plist";
				LD_RUNPATH_SEARCH_PATHS = "$(inherited) @executable_path/Frameworks";
				OTHER_LDFLAGS = (
					"$(inherited)",
					"-ObjC",
					"-lc++",
				);
				PRODUCT_BUNDLE_IDENTIFIER = "com.facebook.REACT.fashionApp-tvOS";
				PRODUCT_NAME = "$(TARGET_NAME)";
				SDKROOT = appletvos;
				TARGETED_DEVICE_FAMILY = 3;
				TVOS_DEPLOYMENT_TARGET = 9.2;
			};
			name = Debug;
		};
		2D02E4981E0B4A5E006451C7 /* Release */ = {
			isa = XCBuildConfiguration;
			buildSettings = {
				ASSETCATALOG_COMPILER_APPICON_NAME = "App Icon & Top Shelf Image";
				ASSETCATALOG_COMPILER_LAUNCHIMAGE_NAME = LaunchImage;
				CLANG_ANALYZER_NONNULL = YES;
				CLANG_WARN_DOCUMENTATION_COMMENTS = YES;
				CLANG_WARN_INFINITE_RECURSION = YES;
				CLANG_WARN_SUSPICIOUS_MOVE = YES;
				COPY_PHASE_STRIP = NO;
				DEBUG_INFORMATION_FORMAT = "dwarf-with-dsym";
				GCC_NO_COMMON_BLOCKS = YES;
				INFOPLIST_FILE = "fashionApp-tvOS/Info.plist";
				LD_RUNPATH_SEARCH_PATHS = "$(inherited) @executable_path/Frameworks";
				OTHER_LDFLAGS = (
					"$(inherited)",
					"-ObjC",
					"-lc++",
				);
				PRODUCT_BUNDLE_IDENTIFIER = "com.facebook.REACT.fashionApp-tvOS";
				PRODUCT_NAME = "$(TARGET_NAME)";
				SDKROOT = appletvos;
				TARGETED_DEVICE_FAMILY = 3;
				TVOS_DEPLOYMENT_TARGET = 9.2;
			};
			name = Release;
		};
		2D02E4991E0B4A5E006451C7 /* Debug */ = {
			isa = XCBuildConfiguration;
			buildSettings = {
				BUNDLE_LOADER = "$(TEST_HOST)";
				CLANG_ANALYZER_NONNULL = YES;
				CLANG_WARN_DOCUMENTATION_COMMENTS = YES;
				CLANG_WARN_INFINITE_RECURSION = YES;
				CLANG_WARN_SUSPICIOUS_MOVE = YES;
				DEBUG_INFORMATION_FORMAT = dwarf;
				ENABLE_TESTABILITY = YES;
				GCC_NO_COMMON_BLOCKS = YES;
				INFOPLIST_FILE = "fashionApp-tvOSTests/Info.plist";
				LD_RUNPATH_SEARCH_PATHS = "$(inherited) @executable_path/Frameworks @loader_path/Frameworks";
				OTHER_LDFLAGS = (
					"$(inherited)",
					"-ObjC",
					"-lc++",
				);
				PRODUCT_BUNDLE_IDENTIFIER = "com.facebook.REACT.fashionApp-tvOSTests";
				PRODUCT_NAME = "$(TARGET_NAME)";
				SDKROOT = appletvos;
				TEST_HOST = "$(BUILT_PRODUCTS_DIR)/fashionApp-tvOS.app/fashionApp-tvOS";
				TVOS_DEPLOYMENT_TARGET = 10.1;
			};
			name = Debug;
		};
		2D02E49A1E0B4A5E006451C7 /* Release */ = {
			isa = XCBuildConfiguration;
			buildSettings = {
				BUNDLE_LOADER = "$(TEST_HOST)";
				CLANG_ANALYZER_NONNULL = YES;
				CLANG_WARN_DOCUMENTATION_COMMENTS = YES;
				CLANG_WARN_INFINITE_RECURSION = YES;
				CLANG_WARN_SUSPICIOUS_MOVE = YES;
				COPY_PHASE_STRIP = NO;
				DEBUG_INFORMATION_FORMAT = "dwarf-with-dsym";
				GCC_NO_COMMON_BLOCKS = YES;
				INFOPLIST_FILE = "fashionApp-tvOSTests/Info.plist";
				LD_RUNPATH_SEARCH_PATHS = "$(inherited) @executable_path/Frameworks @loader_path/Frameworks";
				OTHER_LDFLAGS = (
					"$(inherited)",
					"-ObjC",
					"-lc++",
				);
				PRODUCT_BUNDLE_IDENTIFIER = "com.facebook.REACT.fashionApp-tvOSTests";
				PRODUCT_NAME = "$(TARGET_NAME)";
				SDKROOT = appletvos;
				TEST_HOST = "$(BUILT_PRODUCTS_DIR)/fashionApp-tvOS.app/fashionApp-tvOS";
				TVOS_DEPLOYMENT_TARGET = 10.1;
			};
			name = Release;
		};
		83CBBA201A601CBA00E9B192 /* Debug */ = {
			isa = XCBuildConfiguration;
			buildSettings = {
				ALWAYS_SEARCH_USER_PATHS = NO;
				CLANG_CXX_LANGUAGE_STANDARD = "gnu++0x";
				CLANG_CXX_LIBRARY = "libc++";
				CLANG_ENABLE_MODULES = YES;
				CLANG_ENABLE_OBJC_ARC = YES;
				CLANG_WARN_BLOCK_CAPTURE_AUTORELEASING = YES;
				CLANG_WARN_BOOL_CONVERSION = YES;
				CLANG_WARN_COMMA = YES;
				CLANG_WARN_CONSTANT_CONVERSION = YES;
				CLANG_WARN_DEPRECATED_OBJC_IMPLEMENTATIONS = YES;
				CLANG_WARN_DIRECT_OBJC_ISA_USAGE = YES_ERROR;
				CLANG_WARN_EMPTY_BODY = YES;
				CLANG_WARN_ENUM_CONVERSION = YES;
				CLANG_WARN_INFINITE_RECURSION = YES;
				CLANG_WARN_INT_CONVERSION = YES;
				CLANG_WARN_NON_LITERAL_NULL_CONVERSION = YES;
				CLANG_WARN_OBJC_IMPLICIT_RETAIN_SELF = YES;
				CLANG_WARN_OBJC_LITERAL_CONVERSION = YES;
				CLANG_WARN_OBJC_ROOT_CLASS = YES_ERROR;
				CLANG_WARN_RANGE_LOOP_ANALYSIS = YES;
				CLANG_WARN_STRICT_PROTOTYPES = YES;
				CLANG_WARN_SUSPICIOUS_MOVE = YES;
				CLANG_WARN_UNREACHABLE_CODE = YES;
				CLANG_WARN__DUPLICATE_METHOD_MATCH = YES;
				"CODE_SIGN_IDENTITY[sdk=iphoneos*]" = "iPhone Developer";
				COPY_PHASE_STRIP = NO;
				ENABLE_STRICT_OBJC_MSGSEND = YES;
				ENABLE_TESTABILITY = YES;
				GCC_C_LANGUAGE_STANDARD = gnu99;
				GCC_DYNAMIC_NO_PIC = NO;
				GCC_NO_COMMON_BLOCKS = YES;
				GCC_OPTIMIZATION_LEVEL = 0;
				GCC_PREPROCESSOR_DEFINITIONS = (
					"DEBUG=1",
					"$(inherited)",
				);
				GCC_SYMBOLS_PRIVATE_EXTERN = NO;
				GCC_WARN_64_TO_32_BIT_CONVERSION = YES;
				GCC_WARN_ABOUT_RETURN_TYPE = YES_ERROR;
				GCC_WARN_UNDECLARED_SELECTOR = YES;
				GCC_WARN_UNINITIALIZED_AUTOS = YES_AGGRESSIVE;
				GCC_WARN_UNUSED_FUNCTION = YES;
				GCC_WARN_UNUSED_VARIABLE = YES;
				IPHONEOS_DEPLOYMENT_TARGET = 9.0;
				MTL_ENABLE_DEBUG_INFO = YES;
				ONLY_ACTIVE_ARCH = YES;
				SDKROOT = iphoneos;
			};
			name = Debug;
		};
		83CBBA211A601CBA00E9B192 /* Release */ = {
			isa = XCBuildConfiguration;
			buildSettings = {
				ALWAYS_SEARCH_USER_PATHS = NO;
				CLANG_CXX_LANGUAGE_STANDARD = "gnu++0x";
				CLANG_CXX_LIBRARY = "libc++";
				CLANG_ENABLE_MODULES = YES;
				CLANG_ENABLE_OBJC_ARC = YES;
				CLANG_WARN_BLOCK_CAPTURE_AUTORELEASING = YES;
				CLANG_WARN_BOOL_CONVERSION = YES;
				CLANG_WARN_COMMA = YES;
				CLANG_WARN_CONSTANT_CONVERSION = YES;
				CLANG_WARN_DEPRECATED_OBJC_IMPLEMENTATIONS = YES;
				CLANG_WARN_DIRECT_OBJC_ISA_USAGE = YES_ERROR;
				CLANG_WARN_EMPTY_BODY = YES;
				CLANG_WARN_ENUM_CONVERSION = YES;
				CLANG_WARN_INFINITE_RECURSION = YES;
				CLANG_WARN_INT_CONVERSION = YES;
				CLANG_WARN_NON_LITERAL_NULL_CONVERSION = YES;
				CLANG_WARN_OBJC_IMPLICIT_RETAIN_SELF = YES;
				CLANG_WARN_OBJC_LITERAL_CONVERSION = YES;
				CLANG_WARN_OBJC_ROOT_CLASS = YES_ERROR;
				CLANG_WARN_RANGE_LOOP_ANALYSIS = YES;
				CLANG_WARN_STRICT_PROTOTYPES = YES;
				CLANG_WARN_SUSPICIOUS_MOVE = YES;
				CLANG_WARN_UNREACHABLE_CODE = YES;
				CLANG_WARN__DUPLICATE_METHOD_MATCH = YES;
				"CODE_SIGN_IDENTITY[sdk=iphoneos*]" = "iPhone Developer";
				COPY_PHASE_STRIP = YES;
				ENABLE_NS_ASSERTIONS = NO;
				ENABLE_STRICT_OBJC_MSGSEND = YES;
				GCC_C_LANGUAGE_STANDARD = gnu99;
				GCC_NO_COMMON_BLOCKS = YES;
				GCC_WARN_64_TO_32_BIT_CONVERSION = YES;
				GCC_WARN_ABOUT_RETURN_TYPE = YES_ERROR;
				GCC_WARN_UNDECLARED_SELECTOR = YES;
				GCC_WARN_UNINITIALIZED_AUTOS = YES_AGGRESSIVE;
				GCC_WARN_UNUSED_FUNCTION = YES;
				GCC_WARN_UNUSED_VARIABLE = YES;
				IPHONEOS_DEPLOYMENT_TARGET = 9.0;
				MTL_ENABLE_DEBUG_INFO = NO;
				SDKROOT = iphoneos;
				VALIDATE_PRODUCT = YES;
			};
			name = Release;
		};
/* End XCBuildConfiguration section */

/* Begin XCConfigurationList section */
		00E357021AD99517003FC87E /* Build configuration list for PBXNativeTarget "fashionAppTests" */ = {
			isa = XCConfigurationList;
			buildConfigurations = (
				00E356F61AD99517003FC87E /* Debug */,
				00E356F71AD99517003FC87E /* Release */,
			);
			defaultConfigurationIsVisible = 0;
			defaultConfigurationName = Release;
		};
		13B07F931A680F5B00A75B9A /* Build configuration list for PBXNativeTarget "fashionApp" */ = {
			isa = XCConfigurationList;
			buildConfigurations = (
				13B07F941A680F5B00A75B9A /* Debug */,
				13B07F951A680F5B00A75B9A /* Release */,
			);
			defaultConfigurationIsVisible = 0;
			defaultConfigurationName = Release;
		};
		2D02E4BA1E0B4A5E006451C7 /* Build configuration list for PBXNativeTarget "fashionApp-tvOS" */ = {
			isa = XCConfigurationList;
			buildConfigurations = (
				2D02E4971E0B4A5E006451C7 /* Debug */,
				2D02E4981E0B4A5E006451C7 /* Release */,
			);
			defaultConfigurationIsVisible = 0;
			defaultConfigurationName = Release;
		};
		2D02E4BB1E0B4A5E006451C7 /* Build configuration list for PBXNativeTarget "fashionApp-tvOSTests" */ = {
			isa = XCConfigurationList;
			buildConfigurations = (
				2D02E4991E0B4A5E006451C7 /* Debug */,
				2D02E49A1E0B4A5E006451C7 /* Release */,
			);
			defaultConfigurationIsVisible = 0;
			defaultConfigurationName = Release;
		};
		83CBB9FA1A601CBA00E9B192 /* Build configuration list for PBXProject "fashionApp" */ = {
			isa = XCConfigurationList;
			buildConfigurations = (
				83CBBA201A601CBA00E9B192 /* Debug */,
				83CBBA211A601CBA00E9B192 /* Release */,
			);
			defaultConfigurationIsVisible = 0;
			defaultConfigurationName = Release;
		};
/* End XCConfigurationList section */
	};
	rootObject = 83CBB9F71A601CBA00E9B192 /* Project object */;
}
